{
  "name": "noderedis",
  "version": "1.0.0",
  "lockfileVersion": 3,
  "requires": true,
  "packages": {
    "": {
      "name": "noderedis",
      "version": "1.0.0",
      "license": "ISC",
      "dependencies": {
        "radis": "^2.0.0"
      }
    },
    "node_modules/radis": {
      "version": "2.0.0",
      "resolved": "https://registry.npmjs.org/radis/-/radis-2.0.0.tgz",
      "integrity": "sha512-GOOtEO6u2jcuI/mQcatLQ1Ge79nHVMD3hRpdi2noi8Cj66XOzVbk73PWMKZMv5qEghg3Y7oRwx5stot7z+9gJA==",
      "engines": {
        "node": ">=10.0.0"
      }
    }
  }
}
